{
  "name": "ironmart-biometric-agent",
  "version": "2.0.0",
  "lockfileVersion": 3,
  "requires": true,
  "packages": {
    "": {
      "name": "ironmart-biometric-agent",
      "version": "2.0.0",
      "dependencies": {
        "zkteco-js": "^1.7.2"
      }
    },
    "node_modules/zkteco-js": {
      "version": "1.7.2",
      "resolved": "https://registry.npmjs.org/zkteco-js/-/zkteco-js-1.7.2.tgz",
      "integrity": "sha512-oTLG7tjzgxvFbIhyrnPoJNKPNz6ZI2hAx37fM4h372b9HqH7tWGkHgdEuZw92BdwETa0rwIn/TowscbkCr604Q==",
      "license": "MIT"
    }
  }
}
